
Microsoft Visual Studio Solution File, Format Version 12.00
# Visual Studio 2013
VisualStudioVersion = 12.0.31101.0
MinimumVisualStudioVersion = 10.0.40219.1
Project("{FAE04EC0-301F-11D3-BF4B-00C04F79EFBC}") = "SimpleBDD.Client", "SimpleBDD.Client\SimpleBDD.Client.csproj", "{6831333C-A256-4D98-A99B-D6E88044462D}"
EndProject
Project("{FAE04EC0-301F-11D3-BF4B-00C04F79EFBC}") = "SimpleBDD.UnitTests", "SimpleBDD.UnitTests\SimpleBDD.UnitTests.csproj", "{34999CFB-A641-4D81-9CFC-AAE835969E20}"
EndProject
Global
	GlobalSection(SolutionConfigurationPlatforms) = preSolution
		Debug|Any CPU = Debug|Any CPU
		Release|Any CPU = Release|Any CPU
	EndGlobalSection
	GlobalSection(ProjectConfigurationPlatforms) = postSolution
		{6831333C-A256-4D98-A99B-D6E88044462D}.Debug|Any CPU.ActiveCfg = Debug|Any CPU
		{6831333C-A256-4D98-A99B-D6E88044462D}.Debug|Any CPU.Build.0 = Debug|Any CPU
		{6831333C-A256-4D98-A99B-D6E88044462D}.Release|Any CPU.ActiveCfg = Release|Any CPU
		{6831333C-A256-4D98-A99B-D6E88044462D}.Release|Any CPU.Build.0 = Release|Any CPU
		{34999CFB-A641-4D81-9CFC-AAE835969E20}.Debug|Any CPU.ActiveCfg = Debug|Any CPU
		{34999CFB-A641-4D81-9CFC-AAE835969E20}.Debug|Any CPU.Build.0 = Debug|Any CPU
		{34999CFB-A641-4D81-9CFC-AAE835969E20}.Release|Any CPU.ActiveCfg = Release|Any CPU
		{34999CFB-A641-4D81-9CFC-AAE835969E20}.Release|Any CPU.Build.0 = Release|Any CPU
	EndGlobalSection
	GlobalSection(SolutionProperties) = preSolution
		HideSolutionNode = FALSE
	EndGlobalSection
EndGlobal
